
Microsoft Visual Studio Solution File, Format Version 12.00
# Visual Studio 15
Project("{FAE04EC0-301F-11D3-BF4B-00C04F79EFBC}") = "Assembly-CSharp", "Assembly-CSharp.csproj", "{A0961D7B-67EB-BA76-5B85-846938A540E9}"
EndProject
Project("{FAE04EC0-301F-11D3-BF4B-00C04F79EFBC}") = "Assembly-CSharp-Editor", "Assembly-CSharp-Editor.csproj", "{B62C0BD3-D40B-0B72-FB95-13AFEBF73F74}"
EndProject
Global
	GlobalSection(SolutionConfigurationPlatforms) = preSolution
		Debug|Any CPU = Debug|Any CPU
		Release|Any CPU = Release|Any CPU
	EndGlobalSection
	GlobalSection(ProjectConfigurationPlatforms) = postSolution
		{A0961D7B-67EB-BA76-5B85-846938A540E9}.Debug|Any CPU.ActiveCfg = Debug|Any CPU
		{A0961D7B-67EB-BA76-5B85-846938A540E9}.Debug|Any CPU.Build.0 = Debug|Any CPU
		{A0961D7B-67EB-BA76-5B85-846938A540E9}.Release|Any CPU.ActiveCfg = Release|Any CPU
		{A0961D7B-67EB-BA76-5B85-846938A540E9}.Release|Any CPU.Build.0 = Release|Any CPU
		{B62C0BD3-D40B-0B72-FB95-13AFEBF73F74}.Debug|Any CPU.ActiveCfg = Debug|Any CPU
		{B62C0BD3-D40B-0B72-FB95-13AFEBF73F74}.Debug|Any CPU.Build.0 = Debug|Any CPU
		{B62C0BD3-D40B-0B72-FB95-13AFEBF73F74}.Release|Any CPU.ActiveCfg = Release|Any CPU
		{B62C0BD3-D40B-0B72-FB95-13AFEBF73F74}.Release|Any CPU.Build.0 = Release|Any CPU
	EndGlobalSection
	GlobalSection(SolutionProperties) = preSolution
		HideSolutionNode = FALSE
	EndGlobalSection
EndGlobal
